
Microsoft Visual Studio Solution File, Format Version 12.00
# Visual Studio Version 16
VisualStudioVersion = 16.0.31112.23
MinimumVisualStudioVersion = 10.0.40219.1
Project("{888888A0-9F3D-457C-B088-3A5042F75D52}") = "Kood", "Kood\Kood.pyproj", "{AA094577-395C-4414-B684-06D8A8EC8630}"
EndProject
Global
	GlobalSection(SolutionConfigurationPlatforms) = preSolution
		Debug|Any CPU = Debug|Any CPU
		Release|Any CPU = Release|Any CPU
	EndGlobalSection
	GlobalSection(ProjectConfigurationPlatforms) = postSolution
		{AA094577-395C-4414-B684-06D8A8EC8630}.Debug|Any CPU.ActiveCfg = Debug|Any CPU
		{AA094577-395C-4414-B684-06D8A8EC8630}.Release|Any CPU.ActiveCfg = Release|Any CPU
	EndGlobalSection
	GlobalSection(SolutionProperties) = preSolution
		HideSolutionNode = FALSE
	EndGlobalSection
	GlobalSection(ExtensibilityGlobals) = postSolution
		SolutionGuid = {392A11E5-AF4F-4B0A-B5C2-8A1035770ABA}
	EndGlobalSection
EndGlobal
